Microsoft Visual Studio Solution File, Format Version 12.00
# Visual Studio 2012
Project("{FAE04EC0-301F-11D3-BF4B-00C04F79EFBC}") = "SpaceThing", "SpaceThing.csproj", "{37AF9BB3-5291-4B1C-9711-EE80A4BCBD4F}"
EndProject
Global
	GlobalSection(SolutionConfigurationPlatforms) = preSolution
	Debug|Any CPU = Debug|Any CPU
	ExportDebug|Any CPU = ExportDebug|Any CPU
	ExportRelease|Any CPU = ExportRelease|Any CPU
	EndGlobalSection
	GlobalSection(ProjectConfigurationPlatforms) = postSolution
		{37AF9BB3-5291-4B1C-9711-EE80A4BCBD4F}.Debug|Any CPU.ActiveCfg = Debug|Any CPU
		{37AF9BB3-5291-4B1C-9711-EE80A4BCBD4F}.Debug|Any CPU.Build.0 = Debug|Any CPU
		{37AF9BB3-5291-4B1C-9711-EE80A4BCBD4F}.ExportDebug|Any CPU.ActiveCfg = ExportDebug|Any CPU
		{37AF9BB3-5291-4B1C-9711-EE80A4BCBD4F}.ExportDebug|Any CPU.Build.0 = ExportDebug|Any CPU
		{37AF9BB3-5291-4B1C-9711-EE80A4BCBD4F}.ExportRelease|Any CPU.ActiveCfg = ExportRelease|Any CPU
		{37AF9BB3-5291-4B1C-9711-EE80A4BCBD4F}.ExportRelease|Any CPU.Build.0 = ExportRelease|Any CPU
	EndGlobalSection
EndGlobal
